
Microsoft Visual Studio Solution File, Format Version 12.00
# Visual Studio 15
Project("{FAE04EC0-301F-11D3-BF4B-00C04F79EFBC}") = "Assembly-CSharp", "Assembly-CSharp.csproj", "{BBD84C97-57D0-93A0-DF9A-EB08C3B0EDDA}"
EndProject
Global
	GlobalSection(SolutionConfigurationPlatforms) = preSolution
		Debug|Any CPU = Debug|Any CPU
		Release|Any CPU = Release|Any CPU
	EndGlobalSection
	GlobalSection(ProjectConfigurationPlatforms) = postSolution
		{BBD84C97-57D0-93A0-DF9A-EB08C3B0EDDA}.Debug|Any CPU.ActiveCfg = Debug|Any CPU
		{BBD84C97-57D0-93A0-DF9A-EB08C3B0EDDA}.Debug|Any CPU.Build.0 = Debug|Any CPU
		{BBD84C97-57D0-93A0-DF9A-EB08C3B0EDDA}.Release|Any CPU.ActiveCfg = Release|Any CPU
		{BBD84C97-57D0-93A0-DF9A-EB08C3B0EDDA}.Release|Any CPU.Build.0 = Release|Any CPU
	EndGlobalSection
	GlobalSection(SolutionProperties) = preSolution
		HideSolutionNode = FALSE
	EndGlobalSection
EndGlobal
